
Microsoft Visual Studio Solution File, Format Version 12.00
# Visual Studio 15
VisualStudioVersion = 15.0.28307.421
MinimumVisualStudioVersion = 10.0.40219.1
Project("{FAE04EC0-301F-11D3-BF4B-00C04F79EFBC}") = "every-week-one-arithmetic", "every-week-one-arithmetic\every-week-one-arithmetic.csproj", "{CB9FCD0F-0C4F-4652-9293-23C47C1A31EB}"
EndProject
Global
	GlobalSection(SolutionConfigurationPlatforms) = preSolution
		Debug|Any CPU = Debug|Any CPU
		Release|Any CPU = Release|Any CPU
	EndGlobalSection
	GlobalSection(ProjectConfigurationPlatforms) = postSolution
		{CB9FCD0F-0C4F-4652-9293-23C47C1A31EB}.Debug|Any CPU.ActiveCfg = Debug|Any CPU
		{CB9FCD0F-0C4F-4652-9293-23C47C1A31EB}.Debug|Any CPU.Build.0 = Debug|Any CPU
		{CB9FCD0F-0C4F-4652-9293-23C47C1A31EB}.Release|Any CPU.ActiveCfg = Release|Any CPU
		{CB9FCD0F-0C4F-4652-9293-23C47C1A31EB}.Release|Any CPU.Build.0 = Release|Any CPU
	EndGlobalSection
	GlobalSection(SolutionProperties) = preSolution
		HideSolutionNode = FALSE
	EndGlobalSection
	GlobalSection(ExtensibilityGlobals) = postSolution
		SolutionGuid = {402A9F01-9E43-420B-A548-E08D0A004487}
	EndGlobalSection
EndGlobal
